Microsoft Visual Studio Solution File, Format Version 11.00
# Visual Studio 2008

Project("{F65709FB-42F3-1191-0618-DEC40D1FC604}") = "ProyectoDirecto", "Assembly-CSharp-firstpass.csproj", "{3AB6122E-B335-7D0C-702A-38E2D5BC4AA7}"
EndProject
Project("{F65709FB-42F3-1191-0618-DEC40D1FC604}") = "ProyectoDirecto", "Assembly-CSharp.csproj", "{29463E96-EABD-FFAF-D49D-983AA3AC5A61}"
EndProject
Project("{F65709FB-42F3-1191-0618-DEC40D1FC604}") = "ProyectoDirecto", "Assembly-CSharp-Editor.csproj", "{175165B7-5979-22FD-B3A0-9B0C77CDEC67}"
EndProject
Global
	GlobalSection(SolutionConfigurationPlatforms) = preSolution
		Debug|Any CPU = Debug|Any CPU
		Release|Any CPU = Release|Any CPU
	EndGlobalSection
	GlobalSection(ProjectConfigurationPlatforms) = postSolution
		{3AB6122E-B335-7D0C-702A-38E2D5BC4AA7}.Debug|Any CPU.ActiveCfg = Debug|Any CPU
		{3AB6122E-B335-7D0C-702A-38E2D5BC4AA7}.Debug|Any CPU.Build.0 = Debug|Any CPU
		{3AB6122E-B335-7D0C-702A-38E2D5BC4AA7}.Release|Any CPU.ActiveCfg = Release|Any CPU
		{3AB6122E-B335-7D0C-702A-38E2D5BC4AA7}.Release|Any CPU.Build.0 = Release|Any CPU
		{29463E96-EABD-FFAF-D49D-983AA3AC5A61}.Debug|Any CPU.ActiveCfg = Debug|Any CPU
		{29463E96-EABD-FFAF-D49D-983AA3AC5A61}.Debug|Any CPU.Build.0 = Debug|Any CPU
		{29463E96-EABD-FFAF-D49D-983AA3AC5A61}.Release|Any CPU.ActiveCfg = Release|Any CPU
		{29463E96-EABD-FFAF-D49D-983AA3AC5A61}.Release|Any CPU.Build.0 = Release|Any CPU
		{175165B7-5979-22FD-B3A0-9B0C77CDEC67}.Debug|Any CPU.ActiveCfg = Debug|Any CPU
		{175165B7-5979-22FD-B3A0-9B0C77CDEC67}.Debug|Any CPU.Build.0 = Debug|Any CPU
		{175165B7-5979-22FD-B3A0-9B0C77CDEC67}.Release|Any CPU.ActiveCfg = Release|Any CPU
		{175165B7-5979-22FD-B3A0-9B0C77CDEC67}.Release|Any CPU.Build.0 = Release|Any CPU
	EndGlobalSection
	GlobalSection(SolutionProperties) = preSolution
		HideSolutionNode = FALSE
	EndGlobalSection
	GlobalSection(MonoDevelopProperties) = preSolution
		StartupItem = Assembly-CSharp.csproj
	EndGlobalSection
EndGlobal
